
Microsoft Visual Studio Solution File, Format Version 12.00
Project("{FAE04EC0-301F-11D3-BF4B-00C04F79EFBC}") = "BeeRock", "src\BeeRock\BeeRock.csproj", "{B5E6312E-0C68-4D90-B5D3-DD7A42591961}"
EndProject
Project("{FAE04EC0-301F-11D3-BF4B-00C04F79EFBC}") = "BeeRock.Tests", "test\BeeRock.Tests\BeeRock.Tests.csproj", "{A9890EEC-D40E-418A-9AE9-C93F8BC2DEC0}"
EndProject
Project("{2150E333-8FDC-42A3-9474-1A3956D46DE8}") = "docs", "docs", "{709E1E57-BEE7-411A-B78B-40797F570336}"
	ProjectSection(SolutionItems) = preProject
		docs\AddNewService.png = docs\AddNewService.png
		docs\ServiceTabs.png = docs\ServiceTabs.png
		README.md = README.md
		LICENSE = LICENSE
		docs\osx-bundle-readme.txt = docs\osx-bundle-readme.txt
	EndProjectSection
EndProject
Project("{FAE04EC0-301F-11D3-BF4B-00C04F79EFBC}") = "BeeRock.Core", "src\BeeRock.Core\BeeRock.Core.csproj", "{79546B16-FE77-4CBD-A083-BE99DE9E05E2}"
EndProject
Global
	GlobalSection(SolutionConfigurationPlatforms) = preSolution
		Debug|Any CPU = Debug|Any CPU
		Release|Any CPU = Release|Any CPU
	EndGlobalSection
	GlobalSection(ProjectConfigurationPlatforms) = postSolution
		{B5E6312E-0C68-4D90-B5D3-DD7A42591961}.Debug|Any CPU.ActiveCfg = Debug|Any CPU
		{B5E6312E-0C68-4D90-B5D3-DD7A42591961}.Debug|Any CPU.Build.0 = Debug|Any CPU
		{B5E6312E-0C68-4D90-B5D3-DD7A42591961}.Release|Any CPU.ActiveCfg = Release|Any CPU
		{B5E6312E-0C68-4D90-B5D3-DD7A42591961}.Release|Any CPU.Build.0 = Release|Any CPU
		{A9890EEC-D40E-418A-9AE9-C93F8BC2DEC0}.Debug|Any CPU.ActiveCfg = Debug|Any CPU
		{A9890EEC-D40E-418A-9AE9-C93F8BC2DEC0}.Debug|Any CPU.Build.0 = Debug|Any CPU
		{A9890EEC-D40E-418A-9AE9-C93F8BC2DEC0}.Release|Any CPU.ActiveCfg = Release|Any CPU
		{A9890EEC-D40E-418A-9AE9-C93F8BC2DEC0}.Release|Any CPU.Build.0 = Release|Any CPU
		{79546B16-FE77-4CBD-A083-BE99DE9E05E2}.Debug|Any CPU.ActiveCfg = Debug|Any CPU
		{79546B16-FE77-4CBD-A083-BE99DE9E05E2}.Debug|Any CPU.Build.0 = Debug|Any CPU
		{79546B16-FE77-4CBD-A083-BE99DE9E05E2}.Release|Any CPU.ActiveCfg = Release|Any CPU
		{79546B16-FE77-4CBD-A083-BE99DE9E05E2}.Release|Any CPU.Build.0 = Release|Any CPU
	EndGlobalSection
EndGlobal
